github.com/gofor-little/env v1.0.20 h1:kYnGEjQeCJBM66nJfvH6U4mGFK80RGEoOPHhwwQQSEo=
github.com/gofor-little/env v1.0.20/go.mod h1:Q8wp7K/YL7/BJEFaQY2c8vTdF71Vq4FtrFP4bt+g+Wc=
github.com/gorilla/securecookie v1.1.2 h1:YCIWL56dvtr73r6715mJs5ZvhtnY73hBvEF8kXD8ePA=
github.com/gorilla/securecookie v1.1.2/go.mod h1:NfCASbcHqRSY+3a8tlWJwsQap2VX5pwzwo4h3eOamfo=
github.com/gorilla/sessions v1.4.0 h1:kpIYOp/oi6MG/p5PgxApU8srsSw9tuFbt46Lt7auzqQ=
github.com/gorilla/sessions v1.4.0/go.mod h1:FLWm50oby91+hl7p/wRxDth9bWSuk0qVL2emc7lT5ik=
github.com/twitchdev/authentication-go-sample v0.0.0-20220211174156-670d5ea26726 h1:miQ6Pkdaj8DuQD740EuyF/KbHca48Kxs6OrAJrXRmxg=
github.com/twitchdev/authentication-go-sample v0.0.0-20220211174156-670d5ea26726/go.mod h1:BcJxbZ00WLMD+Wz8f1m3qy0Z5yAp6L5C7ntVnTObP0Q=
golang.org/x/oauth2 v0.33.0 h1:4Q+qn+E5z8gPRJfmRy7C2gGG3T4jIprK6aSYgTXGRpo=
golang.org/x/oauth2 v0.33.0/go.mod h1:lzm5WQJQwKZ3nwavOZ3IS5Aulzxi68dUSgRHujetwEA=
